
Microsoft Visual Studio Solution File, Format Version 12.00
# Visual Studio Version 17
VisualStudioVersion = 17.3.32811.315
MinimumVisualStudioVersion = 10.0.40219.1
Project("{9A19103F-16F7-4668-BE54-9A1E7A4F7556}") = "EFCore.SampleProvider", "src\EFCore.SampleProvider\EFCore.SampleProvider.csproj", "{9111D63E-E354-462C-AF6E-E74B3DF0A589}"
EndProject
Project("{9A19103F-16F7-4668-BE54-9A1E7A4F7556}") = "EFCore.SampleProvider.FunctionalTests", "test\EFCore.SampleProvider.FunctionalTests\EFCore.SampleProvider.FunctionalTests.csproj", "{BF17025D-1EE1-43A5-89F4-90AD0FE024B2}"
EndProject
Global
	GlobalSection(SolutionConfigurationPlatforms) = preSolution
		Debug|Any CPU = Debug|Any CPU
		Release|Any CPU = Release|Any CPU
	EndGlobalSection
	GlobalSection(ProjectConfigurationPlatforms) = postSolution
		{9111D63E-E354-462C-AF6E-E74B3DF0A589}.Debug|Any CPU.ActiveCfg = Debug|Any CPU
		{9111D63E-E354-462C-AF6E-E74B3DF0A589}.Debug|Any CPU.Build.0 = Debug|Any CPU
		{9111D63E-E354-462C-AF6E-E74B3DF0A589}.Release|Any CPU.ActiveCfg = Release|Any CPU
		{9111D63E-E354-462C-AF6E-E74B3DF0A589}.Release|Any CPU.Build.0 = Release|Any CPU
		{BF17025D-1EE1-43A5-89F4-90AD0FE024B2}.Debug|Any CPU.ActiveCfg = Debug|Any CPU
		{BF17025D-1EE1-43A5-89F4-90AD0FE024B2}.Debug|Any CPU.Build.0 = Debug|Any CPU
		{BF17025D-1EE1-43A5-89F4-90AD0FE024B2}.Release|Any CPU.ActiveCfg = Release|Any CPU
		{BF17025D-1EE1-43A5-89F4-90AD0FE024B2}.Release|Any CPU.Build.0 = Release|Any CPU
	EndGlobalSection
	GlobalSection(SolutionProperties) = preSolution
		HideSolutionNode = FALSE
	EndGlobalSection
	GlobalSection(ExtensibilityGlobals) = postSolution
		SolutionGuid = {0F454767-B724-438C-9382-CF599EBC69E6}
	EndGlobalSection
EndGlobal
